# This file was autogenerated by Stack.
# You should not edit this file by hand.
# For more information, please see the documentation at:
#   https://docs.haskellstack.org/en/stable/lock_files

snapshots:
- original: lts-11.10
  completed:
    sha256: ebbaab4c207d9e1a83ff9e92557f692e41b07aa19280819de1ebc73b7b46c5ee
    url: https://raw.githubusercontent.com/commercialhaskell/stackage-snapshots/master/lts/11/10.yaml
    size: 507599
packages:
- original:
    hackage: string-random-0.1.0.0
  completed:
    pantry-tree:
      sha256: 4092aa6c08612cf9c07a1f1eea0ae3e42b28bac9e621bf491c781859a70bffcd
      size: 434
    hackage: string-random-0.1.0.0@sha256:421a99e3330a23ae664a706be4712c5ca0ff188bbd5d95e8a4a1fbf143365b98,2238
- original:
    hackage: digestive-functors-0.8.3.0
  completed:
    pantry-tree:
      sha256: 2f1a567ce6b73f0c8b31f4ea297f2b102107c96e8167a6ed68e0702d1c469b4e
      size: 1682
    hackage: digestive-functors-0.8.3.0@sha256:090895c10f8a20ed834b89bb8ac6aa9512367b614a06316bf6dcd2f0ab6c165a,3041
- original:
    hackage: digestive-functors-aeson-1.1.24
  completed:
    pantry-tree:
      sha256: aa51f7239f44ab1743377aa825fca092ed0465a00984594b3e679afab3f41b4d
      size: 345
    hackage: digestive-functors-aeson-1.1.24@sha256:d36c71ebec95d2489039ee6bfa7e5fefc09655c9ae58fa7796686fb48ea40532,1584
